
Microsoft Visual Studio Solution File, Format Version 12.00
# Visual Studio Version 17
VisualStudioVersion = 17.8.34330.188
MinimumVisualStudioVersion = 10.0.40219.1
Project("{2150E333-8FDC-42A3-9474-1A3956D46DE8}") = "Solution Items", "Solution Items", "{825F0E70-7FB0-46EA-9D95-1CA0606DFA52}"
	ProjectSection(SolutionItems) = preProject
		Field Device Configuration.json = Field Device Configuration.json
		Field Device Profile.json = Field Device Profile.json
		README.md = README.md
		my.schema.json = my.schema.json
	EndProjectSection
EndProject
Global
	GlobalSection(SolutionProperties) = preSolution
		HideSolutionNode = FALSE
	EndGlobalSection
	GlobalSection(ExtensibilityGlobals) = postSolution
		SolutionGuid = {3345AE9C-B6A4-4706-A6B1-EFBC496D1726}
	EndGlobalSection
EndGlobal
